
Microsoft Visual Studio Solution File, Format Version 12.00
# Visual Studio 15
VisualStudioVersion = 15.0.28307.1022
MinimumVisualStudioVersion = 10.0.40219.1
Project("{FAE04EC0-301F-11D3-BF4B-00C04F79EFBC}") = "Lab1", "Lab\Lab1.csproj", "{5349DAFD-84C2-49C7-B093-DD4005FB91D2}"
EndProject
Project("{FAE04EC0-301F-11D3-BF4B-00C04F79EFBC}") = "Lab2", "Lab2\Lab2.csproj", "{2DB23B26-E4A0-4F94-A4C2-7CCF88A71B08}"
EndProject
Project("{FAE04EC0-301F-11D3-BF4B-00C04F79EFBC}") = "Lab5", "Lab5\Lab5.csproj", "{035A1676-E30B-4310-8D1C-9865534E486A}"
EndProject
Project("{FAE04EC0-301F-11D3-BF4B-00C04F79EFBC}") = "Lab6", "Lab6\Lab6.csproj", "{D0E9A187-5E66-4381-8257-AFE4EFEC1DC4}"
EndProject
Project("{FAE04EC0-301F-11D3-BF4B-00C04F79EFBC}") = "Lab7", "Lab7\Lab7.csproj", "{ABD3AF6E-0A4A-47F4-8A47-EEAE434F689A}"
EndProject
Project("{FAE04EC0-301F-11D3-BF4B-00C04F79EFBC}") = "Lab1Test", "Lab\Lab1Test\Lab1Test.csproj", "{DC9EF741-5776-421A-8A9F-0B24C116778C}"
EndProject
Project("{2150E333-8FDC-42A3-9474-1A3956D46DE8}") = "L1", "L1", "{B10E9B2C-67B6-4317-AF86-A0444BEB7672}"
EndProject
Project("{2150E333-8FDC-42A3-9474-1A3956D46DE8}") = "L2", "L2", "{17321E63-9A2A-43A4-A28C-26E12D3816D9}"
EndProject
Project("{FAE04EC0-301F-11D3-BF4B-00C04F79EFBC}") = "Lab2Test", "Lab2\Lab2Test\Lab2Test.csproj", "{3C8F96F7-292D-4FDF-B719-C11982E975F2}"
EndProject
Project("{2150E333-8FDC-42A3-9474-1A3956D46DE8}") = "L5", "L5", "{95C1B0A8-13D6-420F-86BE-0C7A9275147C}"
EndProject
Project("{2150E333-8FDC-42A3-9474-1A3956D46DE8}") = "L6", "L6", "{1025A896-663E-4015-B3A8-30A6E42EA604}"
EndProject
Project("{2150E333-8FDC-42A3-9474-1A3956D46DE8}") = "L7", "L7", "{635410DC-BB5E-4BFD-B192-5E23EB92F435}"
EndProject
Project("{FAE04EC0-301F-11D3-BF4B-00C04F79EFBC}") = "Lab5Test", "Lab5\Lab5Test\Lab5Test.csproj", "{154E4E8E-6173-4F71-9D8F-89493BB1FDFC}"
EndProject
Project("{FAE04EC0-301F-11D3-BF4B-00C04F79EFBC}") = "Lab6Test", "Lab6\Lab6Test\Lab6Test.csproj", "{D8165920-3194-4CE0-AC6C-B4A588819448}"
EndProject
Global
	GlobalSection(SolutionConfigurationPlatforms) = preSolution
		Debug|Any CPU = Debug|Any CPU
		Release|Any CPU = Release|Any CPU
	EndGlobalSection
	GlobalSection(ProjectConfigurationPlatforms) = postSolution
		{5349DAFD-84C2-49C7-B093-DD4005FB91D2}.Debug|Any CPU.ActiveCfg = Debug|Any CPU
		{5349DAFD-84C2-49C7-B093-DD4005FB91D2}.Debug|Any CPU.Build.0 = Debug|Any CPU
		{5349DAFD-84C2-49C7-B093-DD4005FB91D2}.Release|Any CPU.ActiveCfg = Release|Any CPU
		{5349DAFD-84C2-49C7-B093-DD4005FB91D2}.Release|Any CPU.Build.0 = Release|Any CPU
		{2DB23B26-E4A0-4F94-A4C2-7CCF88A71B08}.Debug|Any CPU.ActiveCfg = Debug|Any CPU
		{2DB23B26-E4A0-4F94-A4C2-7CCF88A71B08}.Debug|Any CPU.Build.0 = Debug|Any CPU
		{2DB23B26-E4A0-4F94-A4C2-7CCF88A71B08}.Release|Any CPU.ActiveCfg = Release|Any CPU
		{2DB23B26-E4A0-4F94-A4C2-7CCF88A71B08}.Release|Any CPU.Build.0 = Release|Any CPU
		{035A1676-E30B-4310-8D1C-9865534E486A}.Debug|Any CPU.ActiveCfg = Debug|Any CPU
		{035A1676-E30B-4310-8D1C-9865534E486A}.Debug|Any CPU.Build.0 = Debug|Any CPU
		{035A1676-E30B-4310-8D1C-9865534E486A}.Release|Any CPU.ActiveCfg = Release|Any CPU
		{035A1676-E30B-4310-8D1C-9865534E486A}.Release|Any CPU.Build.0 = Release|Any CPU
		{D0E9A187-5E66-4381-8257-AFE4EFEC1DC4}.Debug|Any CPU.ActiveCfg = Debug|Any CPU
		{D0E9A187-5E66-4381-8257-AFE4EFEC1DC4}.Debug|Any CPU.Build.0 = Debug|Any CPU
		{D0E9A187-5E66-4381-8257-AFE4EFEC1DC4}.Release|Any CPU.ActiveCfg = Release|Any CPU
		{D0E9A187-5E66-4381-8257-AFE4EFEC1DC4}.Release|Any CPU.Build.0 = Release|Any CPU
		{ABD3AF6E-0A4A-47F4-8A47-EEAE434F689A}.Debug|Any CPU.ActiveCfg = Debug|Any CPU
		{ABD3AF6E-0A4A-47F4-8A47-EEAE434F689A}.Debug|Any CPU.Build.0 = Debug|Any CPU
		{ABD3AF6E-0A4A-47F4-8A47-EEAE434F689A}.Release|Any CPU.ActiveCfg = Release|Any CPU
		{ABD3AF6E-0A4A-47F4-8A47-EEAE434F689A}.Release|Any CPU.Build.0 = Release|Any CPU
		{DC9EF741-5776-421A-8A9F-0B24C116778C}.Debug|Any CPU.ActiveCfg = Debug|Any CPU
		{DC9EF741-5776-421A-8A9F-0B24C116778C}.Debug|Any CPU.Build.0 = Debug|Any CPU
		{DC9EF741-5776-421A-8A9F-0B24C116778C}.Release|Any CPU.ActiveCfg = Release|Any CPU
		{DC9EF741-5776-421A-8A9F-0B24C116778C}.Release|Any CPU.Build.0 = Release|Any CPU
		{3C8F96F7-292D-4FDF-B719-C11982E975F2}.Debug|Any CPU.ActiveCfg = Debug|Any CPU
		{3C8F96F7-292D-4FDF-B719-C11982E975F2}.Debug|Any CPU.Build.0 = Debug|Any CPU
		{3C8F96F7-292D-4FDF-B719-C11982E975F2}.Release|Any CPU.ActiveCfg = Release|Any CPU
		{3C8F96F7-292D-4FDF-B719-C11982E975F2}.Release|Any CPU.Build.0 = Release|Any CPU
		{154E4E8E-6173-4F71-9D8F-89493BB1FDFC}.Debug|Any CPU.ActiveCfg = Debug|Any CPU
		{154E4E8E-6173-4F71-9D8F-89493BB1FDFC}.Debug|Any CPU.Build.0 = Debug|Any CPU
		{154E4E8E-6173-4F71-9D8F-89493BB1FDFC}.Release|Any CPU.ActiveCfg = Release|Any CPU
		{154E4E8E-6173-4F71-9D8F-89493BB1FDFC}.Release|Any CPU.Build.0 = Release|Any CPU
		{D8165920-3194-4CE0-AC6C-B4A588819448}.Debug|Any CPU.ActiveCfg = Debug|Any CPU
		{D8165920-3194-4CE0-AC6C-B4A588819448}.Debug|Any CPU.Build.0 = Debug|Any CPU
		{D8165920-3194-4CE0-AC6C-B4A588819448}.Release|Any CPU.ActiveCfg = Release|Any CPU
		{D8165920-3194-4CE0-AC6C-B4A588819448}.Release|Any CPU.Build.0 = Release|Any CPU
	EndGlobalSection
	GlobalSection(SolutionProperties) = preSolution
		HideSolutionNode = FALSE
	EndGlobalSection
	GlobalSection(NestedProjects) = preSolution
		{5349DAFD-84C2-49C7-B093-DD4005FB91D2} = {B10E9B2C-67B6-4317-AF86-A0444BEB7672}
		{2DB23B26-E4A0-4F94-A4C2-7CCF88A71B08} = {17321E63-9A2A-43A4-A28C-26E12D3816D9}
		{035A1676-E30B-4310-8D1C-9865534E486A} = {95C1B0A8-13D6-420F-86BE-0C7A9275147C}
		{D0E9A187-5E66-4381-8257-AFE4EFEC1DC4} = {1025A896-663E-4015-B3A8-30A6E42EA604}
		{ABD3AF6E-0A4A-47F4-8A47-EEAE434F689A} = {635410DC-BB5E-4BFD-B192-5E23EB92F435}
		{DC9EF741-5776-421A-8A9F-0B24C116778C} = {B10E9B2C-67B6-4317-AF86-A0444BEB7672}
		{3C8F96F7-292D-4FDF-B719-C11982E975F2} = {17321E63-9A2A-43A4-A28C-26E12D3816D9}
		{154E4E8E-6173-4F71-9D8F-89493BB1FDFC} = {95C1B0A8-13D6-420F-86BE-0C7A9275147C}
		{D8165920-3194-4CE0-AC6C-B4A588819448} = {1025A896-663E-4015-B3A8-30A6E42EA604}
	EndGlobalSection
	GlobalSection(ExtensibilityGlobals) = postSolution
		SolutionGuid = {2E1E131E-E3DF-4B58-8039-AA54FB1938C9}
	EndGlobalSection
EndGlobal
